
Microsoft Visual Studio Solution File, Format Version 12.00
# Visual Studio Version 17
VisualStudioVersion = 17.3.32922.545
MinimumVisualStudioVersion = 10.0.40219.1
Project("{9A19103F-16F7-4668-BE54-9A1E7A4F7556}") = "00. Algorithm", "00. Algorithm\00. Algorithm.csproj", "{DFA87CE6-E185-4CEC-B19E-6D74017B62B1}"
EndProject
Project("{9A19103F-16F7-4668-BE54-9A1E7A4F7556}") = "01. List", "01. List\01. List.csproj", "{4220B1D9-F260-47E6-97B6-1F680D7D820C}"
EndProject
Project("{9A19103F-16F7-4668-BE54-9A1E7A4F7556}") = "02. LinkedList", "02. LinkedList\02. LinkedList.csproj", "{E14E9DD9-9874-4028-AD77-3B4C3BCFD142}"
EndProject
Project("{9A19103F-16F7-4668-BE54-9A1E7A4F7556}") = "03. Iterator", "03. Iterator\03. Iterator.csproj", "{FA4CD6C7-D6D9-415B-951A-91C8B1A4F703}"
EndProject
Project("{9A19103F-16F7-4668-BE54-9A1E7A4F7556}") = "04. Stack", "04. Stack\04. Stack.csproj", "{0FD1EDCD-CC50-4202-8C41-F4BFBF5E0354}"
EndProject
Project("{9A19103F-16F7-4668-BE54-9A1E7A4F7556}") = "05. Queue", "05. Queue\05. Queue.csproj", "{4EDA707B-69CA-4262-AFC6-5CB69DDD64BC}"
EndProject
Project("{FAE04EC0-301F-11D3-BF4B-00C04F79EFBC}") = "06. Heap", "06. Heap\06. Heap.csproj", "{F7C340F1-D889-432E-929D-1518240208E8}"
EndProject
Global
	GlobalSection(SolutionConfigurationPlatforms) = preSolution
		Debug|Any CPU = Debug|Any CPU
		Release|Any CPU = Release|Any CPU
	EndGlobalSection
	GlobalSection(ProjectConfigurationPlatforms) = postSolution
		{DFA87CE6-E185-4CEC-B19E-6D74017B62B1}.Debug|Any CPU.ActiveCfg = Debug|Any CPU
		{DFA87CE6-E185-4CEC-B19E-6D74017B62B1}.Debug|Any CPU.Build.0 = Debug|Any CPU
		{DFA87CE6-E185-4CEC-B19E-6D74017B62B1}.Release|Any CPU.ActiveCfg = Release|Any CPU
		{DFA87CE6-E185-4CEC-B19E-6D74017B62B1}.Release|Any CPU.Build.0 = Release|Any CPU
		{4220B1D9-F260-47E6-97B6-1F680D7D820C}.Debug|Any CPU.ActiveCfg = Debug|Any CPU
		{4220B1D9-F260-47E6-97B6-1F680D7D820C}.Debug|Any CPU.Build.0 = Debug|Any CPU
		{4220B1D9-F260-47E6-97B6-1F680D7D820C}.Release|Any CPU.ActiveCfg = Release|Any CPU
		{4220B1D9-F260-47E6-97B6-1F680D7D820C}.Release|Any CPU.Build.0 = Release|Any CPU
		{E14E9DD9-9874-4028-AD77-3B4C3BCFD142}.Debug|Any CPU.ActiveCfg = Debug|Any CPU
		{E14E9DD9-9874-4028-AD77-3B4C3BCFD142}.Debug|Any CPU.Build.0 = Debug|Any CPU
		{E14E9DD9-9874-4028-AD77-3B4C3BCFD142}.Release|Any CPU.ActiveCfg = Release|Any CPU
		{E14E9DD9-9874-4028-AD77-3B4C3BCFD142}.Release|Any CPU.Build.0 = Release|Any CPU
		{FA4CD6C7-D6D9-415B-951A-91C8B1A4F703}.Debug|Any CPU.ActiveCfg = Debug|Any CPU
		{FA4CD6C7-D6D9-415B-951A-91C8B1A4F703}.Debug|Any CPU.Build.0 = Debug|Any CPU
		{FA4CD6C7-D6D9-415B-951A-91C8B1A4F703}.Release|Any CPU.ActiveCfg = Release|Any CPU
		{FA4CD6C7-D6D9-415B-951A-91C8B1A4F703}.Release|Any CPU.Build.0 = Release|Any CPU
		{0FD1EDCD-CC50-4202-8C41-F4BFBF5E0354}.Debug|Any CPU.ActiveCfg = Debug|Any CPU
		{0FD1EDCD-CC50-4202-8C41-F4BFBF5E0354}.Debug|Any CPU.Build.0 = Debug|Any CPU
		{0FD1EDCD-CC50-4202-8C41-F4BFBF5E0354}.Release|Any CPU.ActiveCfg = Release|Any CPU
		{0FD1EDCD-CC50-4202-8C41-F4BFBF5E0354}.Release|Any CPU.Build.0 = Release|Any CPU
		{4EDA707B-69CA-4262-AFC6-5CB69DDD64BC}.Debug|Any CPU.ActiveCfg = Debug|Any CPU
		{4EDA707B-69CA-4262-AFC6-5CB69DDD64BC}.Debug|Any CPU.Build.0 = Debug|Any CPU
		{4EDA707B-69CA-4262-AFC6-5CB69DDD64BC}.Release|Any CPU.ActiveCfg = Release|Any CPU
		{4EDA707B-69CA-4262-AFC6-5CB69DDD64BC}.Release|Any CPU.Build.0 = Release|Any CPU
		{F7C340F1-D889-432E-929D-1518240208E8}.Debug|Any CPU.ActiveCfg = Debug|Any CPU
		{F7C340F1-D889-432E-929D-1518240208E8}.Debug|Any CPU.Build.0 = Debug|Any CPU
		{F7C340F1-D889-432E-929D-1518240208E8}.Release|Any CPU.ActiveCfg = Release|Any CPU
		{F7C340F1-D889-432E-929D-1518240208E8}.Release|Any CPU.Build.0 = Release|Any CPU
	EndGlobalSection
	GlobalSection(SolutionProperties) = preSolution
		HideSolutionNode = FALSE
	EndGlobalSection
	GlobalSection(ExtensibilityGlobals) = postSolution
		SolutionGuid = {07F9C497-1347-4553-84ED-6F68AFA33FAC}
	EndGlobalSection
EndGlobal
